{
  "name": "rag",
  "version": "1.0.0",
  "lockfileVersion": 3,
  "requires": true,
  "packages": {
    "": {
      "name": "rag",
      "version": "1.0.0",
      "license": "ISC",
      "dependencies": {
        "cosine-similarity": "^1.0.1"
      }
    },
    "node_modules/cosine-similarity": {
      "version": "1.0.1",
      "resolved": "https://registry.npmjs.org/cosine-similarity/-/cosine-similarity-1.0.1.tgz",
      "integrity": "sha512-qLkCCpVR/v026TtNsnbkLGzlDAoklAKlhJCQwlyDdqbFanSWflzbNzH/Uwe3T/ezAzRk4V2+Ngfqcog1aZ2q/A==",
      "license": "MIT"
    }
  }
}
